
Microsoft Visual Studio Solution File, Format Version 12.00
# Visual Studio Version 16
VisualStudioVersion = 16.0.29926.136
MinimumVisualStudioVersion = 10.0.40219.1
Project("{9A19103F-16F7-4668-BE54-9A1E7A4F7556}") = "Nagarro.NAGP.EBroker.API", "Nagarro.NAGP.EBroker.API\Nagarro.NAGP.EBroker.API.csproj", "{08F4197E-1CDD-404F-BA0E-ADEF64003080}"
EndProject
Project("{9A19103F-16F7-4668-BE54-9A1E7A4F7556}") = "Nagarro.NAGP.EBroker.Business", "Nagarro.NAGP.EBroker.Business\Nagarro.NAGP.EBroker.Business.csproj", "{BC3BAD61-6066-450F-940B-8AC8643AA9EE}"
EndProject
Project("{9A19103F-16F7-4668-BE54-9A1E7A4F7556}") = "Nagarro.NAGP.EBroker.DAL", "Nagarro.NAGP.EBroker.DAL\Nagarro.NAGP.EBroker.DAL.csproj", "{1D0E4059-8698-4C50-B032-246B85D47F8C}"
EndProject
Project("{9A19103F-16F7-4668-BE54-9A1E7A4F7556}") = "Nagarro.NAGP.EBroker.Shared", "Nagarro.NAGP.EBroker.Shared\Nagarro.NAGP.EBroker.Shared.csproj", "{5E68253C-600E-4F3A-B35B-69D6B1557616}"
EndProject
Project("{FAE04EC0-301F-11D3-BF4B-00C04F79EFBC}") = "Nagarro.NAGP.EBroker.Tests", "Nagarro.NAGP.EBroker.Tests\Nagarro.NAGP.EBroker.Tests.csproj", "{4015F4CE-7730-4B3A-B0A9-C8B27521C2D4}"
EndProject
Global
	GlobalSection(SolutionConfigurationPlatforms) = preSolution
		Debug|Any CPU = Debug|Any CPU
		Release|Any CPU = Release|Any CPU
	EndGlobalSection
	GlobalSection(ProjectConfigurationPlatforms) = postSolution
		{08F4197E-1CDD-404F-BA0E-ADEF64003080}.Debug|Any CPU.ActiveCfg = Debug|Any CPU
		{08F4197E-1CDD-404F-BA0E-ADEF64003080}.Debug|Any CPU.Build.0 = Debug|Any CPU
		{08F4197E-1CDD-404F-BA0E-ADEF64003080}.Release|Any CPU.ActiveCfg = Release|Any CPU
		{08F4197E-1CDD-404F-BA0E-ADEF64003080}.Release|Any CPU.Build.0 = Release|Any CPU
		{BC3BAD61-6066-450F-940B-8AC8643AA9EE}.Debug|Any CPU.ActiveCfg = Debug|Any CPU
		{BC3BAD61-6066-450F-940B-8AC8643AA9EE}.Debug|Any CPU.Build.0 = Debug|Any CPU
		{BC3BAD61-6066-450F-940B-8AC8643AA9EE}.Release|Any CPU.ActiveCfg = Release|Any CPU
		{BC3BAD61-6066-450F-940B-8AC8643AA9EE}.Release|Any CPU.Build.0 = Release|Any CPU
		{1D0E4059-8698-4C50-B032-246B85D47F8C}.Debug|Any CPU.ActiveCfg = Debug|Any CPU
		{1D0E4059-8698-4C50-B032-246B85D47F8C}.Debug|Any CPU.Build.0 = Debug|Any CPU
		{1D0E4059-8698-4C50-B032-246B85D47F8C}.Release|Any CPU.ActiveCfg = Release|Any CPU
		{1D0E4059-8698-4C50-B032-246B85D47F8C}.Release|Any CPU.Build.0 = Release|Any CPU
		{5E68253C-600E-4F3A-B35B-69D6B1557616}.Debug|Any CPU.ActiveCfg = Debug|Any CPU
		{5E68253C-600E-4F3A-B35B-69D6B1557616}.Debug|Any CPU.Build.0 = Debug|Any CPU
		{5E68253C-600E-4F3A-B35B-69D6B1557616}.Release|Any CPU.ActiveCfg = Release|Any CPU
		{5E68253C-600E-4F3A-B35B-69D6B1557616}.Release|Any CPU.Build.0 = Release|Any CPU
		{4015F4CE-7730-4B3A-B0A9-C8B27521C2D4}.Debug|Any CPU.ActiveCfg = Debug|Any CPU
		{4015F4CE-7730-4B3A-B0A9-C8B27521C2D4}.Debug|Any CPU.Build.0 = Debug|Any CPU
		{4015F4CE-7730-4B3A-B0A9-C8B27521C2D4}.Release|Any CPU.ActiveCfg = Release|Any CPU
		{4015F4CE-7730-4B3A-B0A9-C8B27521C2D4}.Release|Any CPU.Build.0 = Release|Any CPU
	EndGlobalSection
	GlobalSection(SolutionProperties) = preSolution
		HideSolutionNode = FALSE
	EndGlobalSection
	GlobalSection(ExtensibilityGlobals) = postSolution
		SolutionGuid = {D8F1C5B8-DCE8-452F-A2FE-8C2ED240CA6E}
	EndGlobalSection
EndGlobal
